
Microsoft Visual Studio Solution File, Format Version 12.00
# Visual Studio Version 16
VisualStudioVersion = 16.0.31019.35
MinimumVisualStudioVersion = 10.0.40219.1
Project("{FAE04EC0-301F-11D3-BF4B-00C04F79EFBC}") = "VehicleOperation", "VehicleOperation\VehicleOperation.csproj", "{C829C1E4-F217-4F9A-BD6B-AD99264BA733}"
EndProject
Global
	GlobalSection(SolutionConfigurationPlatforms) = preSolution
		Debug|Any CPU = Debug|Any CPU
		Release|Any CPU = Release|Any CPU
	EndGlobalSection
	GlobalSection(ProjectConfigurationPlatforms) = postSolution
		{C829C1E4-F217-4F9A-BD6B-AD99264BA733}.Debug|Any CPU.ActiveCfg = Debug|Any CPU
		{C829C1E4-F217-4F9A-BD6B-AD99264BA733}.Debug|Any CPU.Build.0 = Debug|Any CPU
		{C829C1E4-F217-4F9A-BD6B-AD99264BA733}.Release|Any CPU.ActiveCfg = Release|Any CPU
		{C829C1E4-F217-4F9A-BD6B-AD99264BA733}.Release|Any CPU.Build.0 = Release|Any CPU
	EndGlobalSection
	GlobalSection(SolutionProperties) = preSolution
		HideSolutionNode = FALSE
	EndGlobalSection
	GlobalSection(ExtensibilityGlobals) = postSolution
		SolutionGuid = {A138516E-E167-431D-AF99-F8C518D31A32}
	EndGlobalSection
EndGlobal
